
Microsoft Visual Studio Solution File, Format Version 12.00
# Visual Studio Version 16
VisualStudioVersion = 16.0.30128.74
MinimumVisualStudioVersion = 10.0.40219.1
Project("{FAE04EC0-301F-11D3-BF4B-00C04F79EFBC}") = "LINQsql_1", "LINQsql_1\LINQsql_1.csproj", "{0BEFD1F3-18BE-475C-8049-7D3A952B8009}"
EndProject
Project("{FAE04EC0-301F-11D3-BF4B-00C04F79EFBC}") = "LINQsqlSproc", "LINQsqlSproc\LINQsqlSproc.csproj", "{8BF3EEF7-A46E-4457-82A4-1FC186C7A305}"
EndProject
Project("{FAE04EC0-301F-11D3-BF4B-00C04F79EFBC}") = "LINQsql_m", "LINQsql_m\LINQsql_m.csproj", "{22A51CB1-1B89-4309-894C-B4735A0645DC}"
EndProject
Global
	GlobalSection(SolutionConfigurationPlatforms) = preSolution
		Debug|Any CPU = Debug|Any CPU
		Release|Any CPU = Release|Any CPU
	EndGlobalSection
	GlobalSection(ProjectConfigurationPlatforms) = postSolution
		{0BEFD1F3-18BE-475C-8049-7D3A952B8009}.Debug|Any CPU.ActiveCfg = Debug|Any CPU
		{0BEFD1F3-18BE-475C-8049-7D3A952B8009}.Debug|Any CPU.Build.0 = Debug|Any CPU
		{0BEFD1F3-18BE-475C-8049-7D3A952B8009}.Release|Any CPU.ActiveCfg = Release|Any CPU
		{0BEFD1F3-18BE-475C-8049-7D3A952B8009}.Release|Any CPU.Build.0 = Release|Any CPU
		{8BF3EEF7-A46E-4457-82A4-1FC186C7A305}.Debug|Any CPU.ActiveCfg = Debug|Any CPU
		{8BF3EEF7-A46E-4457-82A4-1FC186C7A305}.Debug|Any CPU.Build.0 = Debug|Any CPU
		{8BF3EEF7-A46E-4457-82A4-1FC186C7A305}.Release|Any CPU.ActiveCfg = Release|Any CPU
		{8BF3EEF7-A46E-4457-82A4-1FC186C7A305}.Release|Any CPU.Build.0 = Release|Any CPU
		{22A51CB1-1B89-4309-894C-B4735A0645DC}.Debug|Any CPU.ActiveCfg = Debug|Any CPU
		{22A51CB1-1B89-4309-894C-B4735A0645DC}.Debug|Any CPU.Build.0 = Debug|Any CPU
		{22A51CB1-1B89-4309-894C-B4735A0645DC}.Release|Any CPU.ActiveCfg = Release|Any CPU
		{22A51CB1-1B89-4309-894C-B4735A0645DC}.Release|Any CPU.Build.0 = Release|Any CPU
	EndGlobalSection
	GlobalSection(SolutionProperties) = preSolution
		HideSolutionNode = FALSE
	EndGlobalSection
	GlobalSection(ExtensibilityGlobals) = postSolution
		SolutionGuid = {C7A3178D-BDF8-4840-9D6D-3866A011E8CC}
	EndGlobalSection
EndGlobal
