
Microsoft Visual Studio Solution File, Format Version 12.00
# Visual Studio Version 16
VisualStudioVersion = 16.0.30128.74
MinimumVisualStudioVersion = 10.0.40219.1
Project("{FAE04EC0-301F-11D3-BF4B-00C04F79EFBC}") = "DataSourcesWizard", "DataSourcesWizard\DataSourcesWizard.csproj", "{12F9FE29-90CD-4C0A-BA0F-7ADC0A64AC13}"
EndProject
Project("{FAE04EC0-301F-11D3-BF4B-00C04F79EFBC}") = "DataBindingSimple", "DataBindingSimple\DataBindingSimple.csproj", "{DCEC7F21-C165-4778-87E3-DC955B77183D}"
EndProject
Project("{FAE04EC0-301F-11D3-BF4B-00C04F79EFBC}") = "DataBindingComplex", "DataBindingComplex\DataBindingComplex.csproj", "{21F071B2-BB04-4429-9525-7F2D9A8EB19B}"
EndProject
Global
	GlobalSection(SolutionConfigurationPlatforms) = preSolution
		Debug|Any CPU = Debug|Any CPU
		Release|Any CPU = Release|Any CPU
	EndGlobalSection
	GlobalSection(ProjectConfigurationPlatforms) = postSolution
		{12F9FE29-90CD-4C0A-BA0F-7ADC0A64AC13}.Debug|Any CPU.ActiveCfg = Debug|Any CPU
		{12F9FE29-90CD-4C0A-BA0F-7ADC0A64AC13}.Debug|Any CPU.Build.0 = Debug|Any CPU
		{12F9FE29-90CD-4C0A-BA0F-7ADC0A64AC13}.Release|Any CPU.ActiveCfg = Release|Any CPU
		{12F9FE29-90CD-4C0A-BA0F-7ADC0A64AC13}.Release|Any CPU.Build.0 = Release|Any CPU
		{DCEC7F21-C165-4778-87E3-DC955B77183D}.Debug|Any CPU.ActiveCfg = Debug|Any CPU
		{DCEC7F21-C165-4778-87E3-DC955B77183D}.Debug|Any CPU.Build.0 = Debug|Any CPU
		{DCEC7F21-C165-4778-87E3-DC955B77183D}.Release|Any CPU.ActiveCfg = Release|Any CPU
		{DCEC7F21-C165-4778-87E3-DC955B77183D}.Release|Any CPU.Build.0 = Release|Any CPU
		{21F071B2-BB04-4429-9525-7F2D9A8EB19B}.Debug|Any CPU.ActiveCfg = Debug|Any CPU
		{21F071B2-BB04-4429-9525-7F2D9A8EB19B}.Debug|Any CPU.Build.0 = Debug|Any CPU
		{21F071B2-BB04-4429-9525-7F2D9A8EB19B}.Release|Any CPU.ActiveCfg = Release|Any CPU
		{21F071B2-BB04-4429-9525-7F2D9A8EB19B}.Release|Any CPU.Build.0 = Release|Any CPU
	EndGlobalSection
	GlobalSection(SolutionProperties) = preSolution
		HideSolutionNode = FALSE
	EndGlobalSection
	GlobalSection(ExtensibilityGlobals) = postSolution
		SolutionGuid = {F9AF5BEB-4B2D-43CC-84A7-454214B7BD70}
	EndGlobalSection
EndGlobal
